
Microsoft Visual Studio Solution File, Format Version 10.00
# Visual Studio 2008
Project("{FAE04EC0-301F-11D3-BF4B-00C04F79EFBC}") = "Minesharp", "Minesharp\Minesharp.csproj", "{00A1B3D3-C387-48C4-AA54-B6CF9177D9DA}"
EndProject
Project("{FAE04EC0-301F-11D3-BF4B-00C04F79EFBC}") = "OpenTK", "OpenTK\OpenTK.csproj", "{A37A7E14-0000-0000-0000-000000000000}"
EndProject
Project("{FAE04EC0-301F-11D3-BF4B-00C04F79EFBC}") = "CsAssortedWidgets", "CsAssortedWidgets\CsAssortedWidgets.csproj", "{3B933839-C505-48D4-A5CE-D9375C88E943}"
EndProject
Global
	GlobalSection(SolutionConfigurationPlatforms) = preSolution
		Debug|Any CPU = Debug|Any CPU
		Debug|Mixed Platforms = Debug|Mixed Platforms
		Debug|x86 = Debug|x86
		Documentation|Any CPU = Documentation|Any CPU
		Documentation|Mixed Platforms = Documentation|Mixed Platforms
		Documentation|x86 = Documentation|x86
		Nsis|Any CPU = Nsis|Any CPU
		Nsis|Mixed Platforms = Nsis|Mixed Platforms
		Nsis|x86 = Nsis|x86
		Release|Any CPU = Release|Any CPU
		Release|Mixed Platforms = Release|Mixed Platforms
		Release|x86 = Release|x86
	EndGlobalSection
	GlobalSection(ProjectConfigurationPlatforms) = postSolution
		{00A1B3D3-C387-48C4-AA54-B6CF9177D9DA}.Debug|Any CPU.ActiveCfg = Debug|Any CPU
		{00A1B3D3-C387-48C4-AA54-B6CF9177D9DA}.Debug|Any CPU.Build.0 = Debug|Any CPU
		{00A1B3D3-C387-48C4-AA54-B6CF9177D9DA}.Debug|Mixed Platforms.ActiveCfg = Debug|Any CPU
		{00A1B3D3-C387-48C4-AA54-B6CF9177D9DA}.Debug|Mixed Platforms.Build.0 = Debug|Any CPU
		{00A1B3D3-C387-48C4-AA54-B6CF9177D9DA}.Debug|x86.ActiveCfg = Debug|Any CPU
		{00A1B3D3-C387-48C4-AA54-B6CF9177D9DA}.Documentation|Any CPU.ActiveCfg = Debug|Any CPU
		{00A1B3D3-C387-48C4-AA54-B6CF9177D9DA}.Documentation|Any CPU.Build.0 = Debug|Any CPU
		{00A1B3D3-C387-48C4-AA54-B6CF9177D9DA}.Documentation|Mixed Platforms.ActiveCfg = Debug|Any CPU
		{00A1B3D3-C387-48C4-AA54-B6CF9177D9DA}.Documentation|Mixed Platforms.Build.0 = Debug|Any CPU
		{00A1B3D3-C387-48C4-AA54-B6CF9177D9DA}.Documentation|x86.ActiveCfg = Debug|Any CPU
		{00A1B3D3-C387-48C4-AA54-B6CF9177D9DA}.Nsis|Any CPU.ActiveCfg = Release|Any CPU
		{00A1B3D3-C387-48C4-AA54-B6CF9177D9DA}.Nsis|Any CPU.Build.0 = Release|Any CPU
		{00A1B3D3-C387-48C4-AA54-B6CF9177D9DA}.Nsis|Mixed Platforms.ActiveCfg = Release|Any CPU
		{00A1B3D3-C387-48C4-AA54-B6CF9177D9DA}.Nsis|Mixed Platforms.Build.0 = Release|Any CPU
		{00A1B3D3-C387-48C4-AA54-B6CF9177D9DA}.Nsis|x86.ActiveCfg = Release|Any CPU
		{00A1B3D3-C387-48C4-AA54-B6CF9177D9DA}.Release|Any CPU.ActiveCfg = Release|Any CPU
		{00A1B3D3-C387-48C4-AA54-B6CF9177D9DA}.Release|Any CPU.Build.0 = Release|Any CPU
		{00A1B3D3-C387-48C4-AA54-B6CF9177D9DA}.Release|Mixed Platforms.ActiveCfg = Release|Any CPU
		{00A1B3D3-C387-48C4-AA54-B6CF9177D9DA}.Release|Mixed Platforms.Build.0 = Release|Any CPU
		{00A1B3D3-C387-48C4-AA54-B6CF9177D9DA}.Release|x86.ActiveCfg = Release|Any CPU
		{A37A7E14-0000-0000-0000-000000000000}.Debug|Any CPU.ActiveCfg = Debug|Any CPU
		{A37A7E14-0000-0000-0000-000000000000}.Debug|Any CPU.Build.0 = Debug|Any CPU
		{A37A7E14-0000-0000-0000-000000000000}.Debug|Mixed Platforms.ActiveCfg = Debug|Any CPU
		{A37A7E14-0000-0000-0000-000000000000}.Debug|Mixed Platforms.Build.0 = Debug|Any CPU
		{A37A7E14-0000-0000-0000-000000000000}.Debug|x86.ActiveCfg = Debug|Any CPU
		{A37A7E14-0000-0000-0000-000000000000}.Documentation|Any CPU.ActiveCfg = Documentation|Any CPU
		{A37A7E14-0000-0000-0000-000000000000}.Documentation|Any CPU.Build.0 = Documentation|Any CPU
		{A37A7E14-0000-0000-0000-000000000000}.Documentation|Mixed Platforms.ActiveCfg = Documentation|Any CPU
		{A37A7E14-0000-0000-0000-000000000000}.Documentation|Mixed Platforms.Build.0 = Documentation|Any CPU
		{A37A7E14-0000-0000-0000-000000000000}.Documentation|x86.ActiveCfg = Documentation|Any CPU
		{A37A7E14-0000-0000-0000-000000000000}.Nsis|Any CPU.ActiveCfg = Nsis|Any CPU
		{A37A7E14-0000-0000-0000-000000000000}.Nsis|Any CPU.Build.0 = Nsis|Any CPU
		{A37A7E14-0000-0000-0000-000000000000}.Nsis|Mixed Platforms.ActiveCfg = Nsis|Any CPU
		{A37A7E14-0000-0000-0000-000000000000}.Nsis|Mixed Platforms.Build.0 = Nsis|Any CPU
		{A37A7E14-0000-0000-0000-000000000000}.Nsis|x86.ActiveCfg = Nsis|Any CPU
		{A37A7E14-0000-0000-0000-000000000000}.Release|Any CPU.ActiveCfg = Release|Any CPU
		{A37A7E14-0000-0000-0000-000000000000}.Release|Any CPU.Build.0 = Release|Any CPU
		{A37A7E14-0000-0000-0000-000000000000}.Release|Mixed Platforms.ActiveCfg = Release|Any CPU
		{A37A7E14-0000-0000-0000-000000000000}.Release|Mixed Platforms.Build.0 = Release|Any CPU
		{A37A7E14-0000-0000-0000-000000000000}.Release|x86.ActiveCfg = Release|Any CPU
		{3B933839-C505-48D4-A5CE-D9375C88E943}.Debug|Any CPU.ActiveCfg = Debug|Any CPU
		{3B933839-C505-48D4-A5CE-D9375C88E943}.Debug|Any CPU.Build.0 = Debug|Any CPU
		{3B933839-C505-48D4-A5CE-D9375C88E943}.Debug|Mixed Platforms.ActiveCfg = Debug|x86
		{3B933839-C505-48D4-A5CE-D9375C88E943}.Debug|Mixed Platforms.Build.0 = Debug|x86
		{3B933839-C505-48D4-A5CE-D9375C88E943}.Debug|x86.ActiveCfg = Debug|x86
		{3B933839-C505-48D4-A5CE-D9375C88E943}.Debug|x86.Build.0 = Debug|x86
		{3B933839-C505-48D4-A5CE-D9375C88E943}.Documentation|Any CPU.ActiveCfg = Debug|x86
		{3B933839-C505-48D4-A5CE-D9375C88E943}.Documentation|Mixed Platforms.ActiveCfg = Debug|x86
		{3B933839-C505-48D4-A5CE-D9375C88E943}.Documentation|Mixed Platforms.Build.0 = Debug|x86
		{3B933839-C505-48D4-A5CE-D9375C88E943}.Documentation|x86.ActiveCfg = Debug|x86
		{3B933839-C505-48D4-A5CE-D9375C88E943}.Documentation|x86.Build.0 = Debug|x86
		{3B933839-C505-48D4-A5CE-D9375C88E943}.Nsis|Any CPU.ActiveCfg = Release|x86
		{3B933839-C505-48D4-A5CE-D9375C88E943}.Nsis|Mixed Platforms.ActiveCfg = Release|x86
		{3B933839-C505-48D4-A5CE-D9375C88E943}.Nsis|Mixed Platforms.Build.0 = Release|x86
		{3B933839-C505-48D4-A5CE-D9375C88E943}.Nsis|x86.ActiveCfg = Release|x86
		{3B933839-C505-48D4-A5CE-D9375C88E943}.Nsis|x86.Build.0 = Release|x86
		{3B933839-C505-48D4-A5CE-D9375C88E943}.Release|Any CPU.ActiveCfg = Release|Any CPU
		{3B933839-C505-48D4-A5CE-D9375C88E943}.Release|Any CPU.Build.0 = Release|Any CPU
		{3B933839-C505-48D4-A5CE-D9375C88E943}.Release|Mixed Platforms.ActiveCfg = Release|x86
		{3B933839-C505-48D4-A5CE-D9375C88E943}.Release|Mixed Platforms.Build.0 = Release|x86
		{3B933839-C505-48D4-A5CE-D9375C88E943}.Release|x86.ActiveCfg = Release|x86
		{3B933839-C505-48D4-A5CE-D9375C88E943}.Release|x86.Build.0 = Release|x86
	EndGlobalSection
	GlobalSection(SolutionProperties) = preSolution
		HideSolutionNode = FALSE
	EndGlobalSection
EndGlobal
